
Microsoft Visual Studio Solution File, Format Version 12.00
# Visual Studio Version 17
VisualStudioVersion = 17.14.36203.30
MinimumVisualStudioVersion = 10.0.40219.1
Project("{FAE04EC0-301F-11D3-BF4B-00C04F79EFBC}") = "Inventory.API", "Inventory.API\Inventory.API.csproj", "{809A18AB-85FA-4429-B348-C6E4AE305EA5}"
EndProject
Project("{FAE04EC0-301F-11D3-BF4B-00C04F79EFBC}") = "Inventory.BLL", "Inventory.BLL\Inventory.BLL.csproj", "{C89A15B2-540E-481B-829D-08804835F67E}"
EndProject
Project("{FAE04EC0-301F-11D3-BF4B-00C04F79EFBC}") = "Inventory.DLL", "Inventory.DLL\Inventory.DLL.csproj", "{40D547B4-667E-4619-BE6C-CBDF0D355F62}"
EndProject
Global
	GlobalSection(SolutionConfigurationPlatforms) = preSolution
		Debug|Any CPU = Debug|Any CPU
		Release|Any CPU = Release|Any CPU
	EndGlobalSection
	GlobalSection(ProjectConfigurationPlatforms) = postSolution
		{809A18AB-85FA-4429-B348-C6E4AE305EA5}.Debug|Any CPU.ActiveCfg = Debug|Any CPU
		{809A18AB-85FA-4429-B348-C6E4AE305EA5}.Debug|Any CPU.Build.0 = Debug|Any CPU
		{809A18AB-85FA-4429-B348-C6E4AE305EA5}.Release|Any CPU.ActiveCfg = Release|Any CPU
		{809A18AB-85FA-4429-B348-C6E4AE305EA5}.Release|Any CPU.Build.0 = Release|Any CPU
		{C89A15B2-540E-481B-829D-08804835F67E}.Debug|Any CPU.ActiveCfg = Debug|Any CPU
		{C89A15B2-540E-481B-829D-08804835F67E}.Debug|Any CPU.Build.0 = Debug|Any CPU
		{C89A15B2-540E-481B-829D-08804835F67E}.Release|Any CPU.ActiveCfg = Release|Any CPU
		{C89A15B2-540E-481B-829D-08804835F67E}.Release|Any CPU.Build.0 = Release|Any CPU
		{40D547B4-667E-4619-BE6C-CBDF0D355F62}.Debug|Any CPU.ActiveCfg = Debug|Any CPU
		{40D547B4-667E-4619-BE6C-CBDF0D355F62}.Debug|Any CPU.Build.0 = Debug|Any CPU
		{40D547B4-667E-4619-BE6C-CBDF0D355F62}.Release|Any CPU.ActiveCfg = Release|Any CPU
		{40D547B4-667E-4619-BE6C-CBDF0D355F62}.Release|Any CPU.Build.0 = Release|Any CPU
	EndGlobalSection
	GlobalSection(SolutionProperties) = preSolution
		HideSolutionNode = FALSE
	EndGlobalSection
	GlobalSection(ExtensibilityGlobals) = postSolution
		SolutionGuid = {FE85F127-6431-4E76-B385-38AC720D810F}
	EndGlobalSection
EndGlobal
